
Microsoft Visual Studio Solution File, Format Version 12.00
# Visual Studio Version 16
VisualStudioVersion = 16.0.30803.129
MinimumVisualStudioVersion = 10.0.40219.1
Project("{FAE04EC0-301F-11D3-BF4B-00C04F79EFBC}") = "PH3ApiClient", "PH3ApiClient\PH3ApiClient.csproj", "{88E12E69-C5E3-4506-ACF5-650F1AE7D13B}"
EndProject
Global
	GlobalSection(SolutionConfigurationPlatforms) = preSolution
		Debug|Any CPU = Debug|Any CPU
		Release|Any CPU = Release|Any CPU
	EndGlobalSection
	GlobalSection(ProjectConfigurationPlatforms) = postSolution
		{88E12E69-C5E3-4506-ACF5-650F1AE7D13B}.Debug|Any CPU.ActiveCfg = Debug|Any CPU
		{88E12E69-C5E3-4506-ACF5-650F1AE7D13B}.Debug|Any CPU.Build.0 = Debug|Any CPU
		{88E12E69-C5E3-4506-ACF5-650F1AE7D13B}.Release|Any CPU.ActiveCfg = Release|Any CPU
		{88E12E69-C5E3-4506-ACF5-650F1AE7D13B}.Release|Any CPU.Build.0 = Release|Any CPU
	EndGlobalSection
	GlobalSection(SolutionProperties) = preSolution
		HideSolutionNode = FALSE
	EndGlobalSection
	GlobalSection(ExtensibilityGlobals) = postSolution
		SolutionGuid = {2032FD6A-FD71-4513-996A-935FBF84DFDD}
	EndGlobalSection
EndGlobal
